// !$*UTF8*$!
{
	archiveVersion = 1;
	classes = {
	};
	objectVersion = 51;
	objects = {

/* Begin PBXBuildFile section */
		420CDC0B24C1DF6200967EB3 /* AppDelegate.swift in Sources */ = {isa = PBXBuildFile; fileRef = 420CDC0A24C1DF6200967EB3 /* AppDelegate.swift */; };
		420CDC0D24C1DF6200967EB3 /* SceneDelegate.swift in Sources */ = {isa = PBXBuildFile; fileRef = 420CDC0C24C1DF6200967EB3 /* SceneDelegate.swift */; };
		420CDC1424C1DF7000967EB3 /* Assets.xcassets in Resources */ = {isa = PBXBuildFile; fileRef = 420CDC1324C1DF7000967EB3 /* Assets.xcassets */; };
		420CDC1724C1DF7000967EB3 /* LaunchScreen.storyboard in Resources */ = {isa = PBXBuildFile; fileRef = 420CDC1524C1DF7000967EB3 /* LaunchScreen.storyboard */; };
		420CDC2224C1DF7500967EB3 /* BeagleSampleTests.swift in Sources */ = {isa = PBXBuildFile; fileRef = 420CDC2124C1DF7500967EB3 /* BeagleSampleTests.swift */; };
		420CDC2D24C1DF7500967EB3 /* BeagleSampleUITests.swift in Sources */ = {isa = PBXBuildFile; fileRef = 420CDC2C24C1DF7500967EB3 /* BeagleSampleUITests.swift */; };
		420CDC3B24C1DFD700967EB3 /* BeagleScreen.swift in Sources */ = {isa = PBXBuildFile; fileRef = 420CDC3A24C1DFD700967EB3 /* BeagleScreen.swift */; };
		420CDC4E24C62AC100967EB3 /* Styles.swift in Sources */ = {isa = PBXBuildFile; fileRef = 420CDC4D24C62AC100967EB3 /* Styles.swift */; };
		420CDC5024C62D7700967EB3 /* BeagleConfig.swift in Sources */ = {isa = PBXBuildFile; fileRef = 420CDC4F24C62D7700967EB3 /* BeagleConfig.swift */; };
		44CFEAF6F64B21EFF9087754 /* Pods_BeagleSample.framework in Frameworks */ = {isa = PBXBuildFile; fileRef = 10ACD5CDB7DEF16541F53AD6 /* Pods_BeagleSample.framework */; };
		7C73D5EAAAFF3C319B2F981F /* Pods_BeagleSampleTests.framework in Frameworks */ = {isa = PBXBuildFile; fileRef = 5C5F5B4816660FBCE6F0BD51 /* Pods_BeagleSampleTests.framework */; };
		A6CB2AC287E9D2C534A331B5 /* Pods_BeagleSample_BeagleSampleUITests.framework in Frameworks */ = {isa = PBXBuildFile; fileRef = B95F6710B5A10D2249A57DF1 /* Pods_BeagleSample_BeagleSampleUITests.framework */; };
/* End PBXBuildFile section */

/* Begin PBXContainerItemProxy section */
		420CDC1E24C1DF7500967EB3 /* PBXContainerItemProxy */ = {
			isa = PBXContainerItemProxy;
			containerPortal = 420CDBFF24C1DF6200967EB3 /* Project object */;
			proxyType = 1;
			remoteGlobalIDString = 420CDC0624C1DF6200967EB3;
			remoteInfo = BeagleSample;
		};
		420CDC2924C1DF7500967EB3 /* PBXContainerItemProxy */ = {
			isa = PBXContainerItemProxy;
			containerPortal = 420CDBFF24C1DF6200967EB3 /* Project object */;
			proxyType = 1;
			remoteGlobalIDString = 420CDC0624C1DF6200967EB3;
			remoteInfo = BeagleSample;
		};
/* End PBXContainerItemProxy section */

/* Begin PBXFileReference section */
		10ACD5CDB7DEF16541F53AD6 /* Pods_BeagleSample.framework */ = {isa = PBXFileReference; explicitFileType = wrapper.framework; includeInIndex = 0; path = Pods_BeagleSample.framework; sourceTree = BUILT_PRODUCTS_DIR; };
		420CDC0724C1DF6200967EB3 /* BeagleSample.app */ = {isa = PBXFileReference; explicitFileType = wrapper.application; includeInIndex = 0; path = BeagleSample.app; sourceTree = BUILT_PRODUCTS_DIR; };
		420CDC0A24C1DF6200967EB3 /* AppDelegate.swift */ = {isa = PBXFileReference; lastKnownFileType = sourcecode.swift; path = AppDelegate.swift; sourceTree = "<group>"; };
		420CDC0C24C1DF6200967EB3 /* SceneDelegate.swift */ = {isa = PBXFileReference; lastKnownFileType = sourcecode.swift; path = SceneDelegate.swift; sourceTree = "<group>"; };
		420CDC1324C1DF7000967EB3 /* Assets.xcassets */ = {isa = PBXFileReference; lastKnownFileType = folder.assetcatalog; path = Assets.xcassets; sourceTree = "<group>"; };
		420CDC1624C1DF7000967EB3 /* Base */ = {isa = PBXFileReference; lastKnownFileType = file.storyboard; name = Base; path = Base.lproj/LaunchScreen.storyboard; sourceTree = "<group>"; };
		420CDC1824C1DF7000967EB3 /* Info.plist */ = {isa = PBXFileReference; lastKnownFileType = text.plist.xml; path = Info.plist; sourceTree = "<group>"; };
		420CDC1D24C1DF7500967EB3 /* BeagleSampleTests.xctest */ = {isa = PBXFileReference; explicitFileType = wrapper.cfbundle; includeInIndex = 0; path = BeagleSampleTests.xctest; sourceTree = BUILT_PRODUCTS_DIR; };
		420CDC2124C1DF7500967EB3 /* BeagleSampleTests.swift */ = {isa = PBXFileReference; lastKnownFileType = sourcecode.swift; path = BeagleSampleTests.swift; sourceTree = "<group>"; };
		420CDC2324C1DF7500967EB3 /* Info.plist */ = {isa = PBXFileReference; lastKnownFileType = text.plist.xml; path = Info.plist; sourceTree = "<group>"; };
		420CDC2824C1DF7500967EB3 /* BeagleSampleUITests.xctest */ = {isa = PBXFileReference; explicitFileType = wrapper.cfbundle; includeInIndex = 0; path = BeagleSampleUITests.xctest; sourceTree = BUILT_PRODUCTS_DIR; };
		420CDC2C24C1DF7500967EB3 /* BeagleSampleUITests.swift */ = {isa = PBXFileReference; lastKnownFileType = sourcecode.swift; path = BeagleSampleUITests.swift; sourceTree = "<group>"; };
		420CDC2E24C1DF7500967EB3 /* Info.plist */ = {isa = PBXFileReference; lastKnownFileType = text.plist.xml; path = Info.plist; sourceTree = "<group>"; };
		420CDC3A24C1DFD700967EB3 /* BeagleScreen.swift */ = {isa = PBXFileReference; fileEncoding = 4; lastKnownFileType = sourcecode.swift; path = BeagleScreen.swift; sourceTree = "<group>"; };
		420CDC4D24C62AC100967EB3 /* Styles.swift */ = {isa = PBXFileReference; lastKnownFileType = sourcecode.swift; path = Styles.swift; sourceTree = "<group>"; };
		420CDC4F24C62D7700967EB3 /* BeagleConfig.swift */ = {isa = PBXFileReference; lastKnownFileType = sourcecode.swift; path = BeagleConfig.swift; sourceTree = "<group>"; };
		5C5F5B4816660FBCE6F0BD51 /* Pods_BeagleSampleTests.framework */ = {isa = PBXFileReference; explicitFileType = wrapper.framework; includeInIndex = 0; path = Pods_BeagleSampleTests.framework; sourceTree = BUILT_PRODUCTS_DIR; };
		6BC561FB6448B80AFBD653BA /* Pods-BeagleSample-BeagleSampleUITests.debug.xcconfig */ = {isa = PBXFileReference; includeInIndex = 1; lastKnownFileType = text.xcconfig; name = "Pods-BeagleSample-BeagleSampleUITests.debug.xcconfig"; path = "Target Support Files/Pods-BeagleSample-BeagleSampleUITests/Pods-BeagleSample-BeagleSampleUITests.debug.xcconfig"; sourceTree = "<group>"; };
		837D5C942CCBAF322CFD1DD1 /* Pods-BeagleSampleTests.debug.xcconfig */ = {isa = PBXFileReference; includeInIndex = 1; lastKnownFileType = text.xcconfig; name = "Pods-BeagleSampleTests.debug.xcconfig"; path = "Target Support Files/Pods-BeagleSampleTests/Pods-BeagleSampleTests.debug.xcconfig"; sourceTree = "<group>"; };
		8680917E4331E0D267B6C295 /* Pods-BeagleSample-BeagleSampleUITests.release.xcconfig */ = {isa = PBXFileReference; includeInIndex = 1; lastKnownFileType = text.xcconfig; name = "Pods-BeagleSample-BeagleSampleUITests.release.xcconfig"; path = "Target Support Files/Pods-BeagleSample-BeagleSampleUITests/Pods-BeagleSample-BeagleSampleUITests.release.xcconfig"; sourceTree = "<group>"; };
		8EA6EEF0BB7369019457391D /* Pods-BeagleSample.release.xcconfig */ = {isa = PBXFileReference; includeInIndex = 1; lastKnownFileType = text.xcconfig; name = "Pods-BeagleSample.release.xcconfig"; path = "Target Support Files/Pods-BeagleSample/Pods-BeagleSample.release.xcconfig"; sourceTree = "<group>"; };
		979C6F836F41F4DB001C10E2 /* Pods-BeagleSampleTests.release.xcconfig */ = {isa = PBXFileReference; includeInIndex = 1; lastKnownFileType = text.xcconfig; name = "Pods-BeagleSampleTests.release.xcconfig"; path = "Target Support Files/Pods-BeagleSampleTests/Pods-BeagleSampleTests.release.xcconfig"; sourceTree = "<group>"; };
		B95F6710B5A10D2249A57DF1 /* Pods_BeagleSample_BeagleSampleUITests.framework */ = {isa = PBXFileReference; explicitFileType = wrapper.framework; includeInIndex = 0; path = Pods_BeagleSample_BeagleSampleUITests.framework; sourceTree = BUILT_PRODUCTS_DIR; };
		ED0221CA70DC5D4B77209ADD /* Pods-BeagleSample.debug.xcconfig */ = {isa = PBXFileReference; includeInIndex = 1; lastKnownFileType = text.xcconfig; name = "Pods-BeagleSample.debug.xcconfig"; path = "Target Support Files/Pods-BeagleSample/Pods-BeagleSample.debug.xcconfig"; sourceTree = "<group>"; };
/* End PBXFileReference section */

/* Begin PBXFrameworksBuildPhase section */
		420CDC0424C1DF6200967EB3 /* Frameworks */ = {
			isa = PBXFrameworksBuildPhase;
			buildActionMask = 2147483647;
			files = (
				44CFEAF6F64B21EFF9087754 /* Pods_BeagleSample.framework in Frameworks */,
			);
			runOnlyForDeploymentPostprocessing = 0;
		};
		420CDC1A24C1DF7500967EB3 /* Frameworks */ = {
			isa = PBXFrameworksBuildPhase;
			buildActionMask = 2147483647;
			files = (
				7C73D5EAAAFF3C319B2F981F /* Pods_BeagleSampleTests.framework in Frameworks */,
			);
			runOnlyForDeploymentPostprocessing = 0;
		};
		420CDC2524C1DF7500967EB3 /* Frameworks */ = {
			isa = PBXFrameworksBuildPhase;
			buildActionMask = 2147483647;
			files = (
				A6CB2AC287E9D2C534A331B5 /* Pods_BeagleSample_BeagleSampleUITests.framework in Frameworks */,
			);
			runOnlyForDeploymentPostprocessing = 0;
		};
/* End PBXFrameworksBuildPhase section */

/* Begin PBXGroup section */
		420CDBFE24C1DF6200967EB3 = {
			isa = PBXGroup;
			children = (
				420CDC0924C1DF6200967EB3 /* BeagleSample */,
				420CDC2024C1DF7500967EB3 /* BeagleSampleTests */,
				420CDC2B24C1DF7500967EB3 /* BeagleSampleUITests */,
				420CDC0824C1DF6200967EB3 /* Products */,
				66FA49323CDF326F15C4FF70 /* Pods */,
				B36A7C367B289F3923892E0B /* Frameworks */,
			);
			sourceTree = "<group>";
		};
		420CDC0824C1DF6200967EB3 /* Products */ = {
			isa = PBXGroup;
			children = (
				420CDC0724C1DF6200967EB3 /* BeagleSample.app */,
				420CDC1D24C1DF7500967EB3 /* BeagleSampleTests.xctest */,
				420CDC2824C1DF7500967EB3 /* BeagleSampleUITests.xctest */,
			);
			name = Products;
			sourceTree = "<group>";
		};
		420CDC0924C1DF6200967EB3 /* BeagleSample */ = {
			isa = PBXGroup;
			children = (
				420CDC3C24C5FC0600967EB3 /* CustomComponents */,
				420CDC0A24C1DF6200967EB3 /* AppDelegate.swift */,
				420CDC0C24C1DF6200967EB3 /* SceneDelegate.swift */,
				420CDC3A24C1DFD700967EB3 /* BeagleScreen.swift */,
				420CDC4D24C62AC100967EB3 /* Styles.swift */,
				420CDC4F24C62D7700967EB3 /* BeagleConfig.swift */,
				420CDC1324C1DF7000967EB3 /* Assets.xcassets */,
				420CDC1524C1DF7000967EB3 /* LaunchScreen.storyboard */,
				420CDC1824C1DF7000967EB3 /* Info.plist */,
			);
			path = BeagleSample;
			sourceTree = "<group>";
		};
		420CDC2024C1DF7500967EB3 /* BeagleSampleTests */ = {
			isa = PBXGroup;
			children = (
				420CDC2124C1DF7500967EB3 /* BeagleSampleTests.swift */,
				420CDC2324C1DF7500967EB3 /* Info.plist */,
			);
			path = BeagleSampleTests;
			sourceTree = "<group>";
		};
		420CDC2B24C1DF7500967EB3 /* BeagleSampleUITests */ = {
			isa = PBXGroup;
			children = (
				420CDC2C24C1DF7500967EB3 /* BeagleSampleUITests.swift */,
				420CDC2E24C1DF7500967EB3 /* Info.plist */,
			);
			path = BeagleSampleUITests;
			sourceTree = "<group>";
		};
		420CDC3C24C5FC0600967EB3 /* CustomComponents */ = {
			isa = PBXGroup;
			children = (
			);
			path = CustomComponents;
			sourceTree = "<group>";
		};
		66FA49323CDF326F15C4FF70 /* Pods */ = {
			isa = PBXGroup;
			children = (
				ED0221CA70DC5D4B77209ADD /* Pods-BeagleSample.debug.xcconfig */,
				8EA6EEF0BB7369019457391D /* Pods-BeagleSample.release.xcconfig */,
				6BC561FB6448B80AFBD653BA /* Pods-BeagleSample-BeagleSampleUITests.debug.xcconfig */,
				8680917E4331E0D267B6C295 /* Pods-BeagleSample-BeagleSampleUITests.release.xcconfig */,
				837D5C942CCBAF322CFD1DD1 /* Pods-BeagleSampleTests.debug.xcconfig */,
				979C6F836F41F4DB001C10E2 /* Pods-BeagleSampleTests.release.xcconfig */,
			);
			path = Pods;
			sourceTree = "<group>";
		};
		B36A7C367B289F3923892E0B /* Frameworks */ = {
			isa = PBXGroup;
			children = (
				10ACD5CDB7DEF16541F53AD6 /* Pods_BeagleSample.framework */,
				B95F6710B5A10D2249A57DF1 /* Pods_BeagleSample_BeagleSampleUITests.framework */,
				5C5F5B4816660FBCE6F0BD51 /* Pods_BeagleSampleTests.framework */,
			);
			name = Frameworks;
			sourceTree = "<group>";
		};
/* End PBXGroup section */

/* Begin PBXNativeTarget section */
		420CDC0624C1DF6200967EB3 /* BeagleSample */ = {
			isa = PBXNativeTarget;
			buildConfigurationList = 420CDC3124C1DF7500967EB3 /* Build configuration list for PBXNativeTarget "BeagleSample" */;
			buildPhases = (
				F78B62EB43E56354328BAE3F /* [CP] Check Pods Manifest.lock */,
				420CDC0324C1DF6200967EB3 /* Sources */,
				420CDC0424C1DF6200967EB3 /* Frameworks */,
				420CDC0524C1DF6200967EB3 /* Resources */,
				6FDE0347873E2C3A89ACF7E3 /* [CP] Embed Pods Frameworks */,
			);
			buildRules = (
			);
			dependencies = (
			);
			name = BeagleSample;
			productName = BeagleSample;
			productReference = 420CDC0724C1DF6200967EB3 /* BeagleSample.app */;
			productType = "com.apple.product-type.application";
		};
		420CDC1C24C1DF7500967EB3 /* BeagleSampleTests */ = {
			isa = PBXNativeTarget;
			buildConfigurationList = 420CDC3424C1DF7500967EB3 /* Build configuration list for PBXNativeTarget "BeagleSampleTests" */;
			buildPhases = (
				5533190C7AD3B0A701A571B5 /* [CP] Check Pods Manifest.lock */,
				420CDC1924C1DF7500967EB3 /* Sources */,
				420CDC1A24C1DF7500967EB3 /* Frameworks */,
				420CDC1B24C1DF7500967EB3 /* Resources */,
			);
			buildRules = (
			);
			dependencies = (
				420CDC1F24C1DF7500967EB3 /* PBXTargetDependency */,
			);
			name = BeagleSampleTests;
			productName = BeagleSampleTests;
			productReference = 420CDC1D24C1DF7500967EB3 /* BeagleSampleTests.xctest */;
			productType = "com.apple.product-type.bundle.unit-test";
		};
		420CDC2724C1DF7500967EB3 /* BeagleSampleUITests */ = {
			isa = PBXNativeTarget;
			buildConfigurationList = 420CDC3724C1DF7500967EB3 /* Build configuration list for PBXNativeTarget "BeagleSampleUITests" */;
			buildPhases = (
				F335ED6DA957C6EACCB23013 /* [CP] Check Pods Manifest.lock */,
				420CDC2424C1DF7500967EB3 /* Sources */,
				420CDC2524C1DF7500967EB3 /* Frameworks */,
				420CDC2624C1DF7500967EB3 /* Resources */,
				103D329D70B6CA07A99CA311 /* [CP] Embed Pods Frameworks */,
			);
			buildRules = (
			);
			dependencies = (
				420CDC2A24C1DF7500967EB3 /* PBXTargetDependency */,
			);
			name = BeagleSampleUITests;
			productName = BeagleSampleUITests;
			productReference = 420CDC2824C1DF7500967EB3 /* BeagleSampleUITests.xctest */;
			productType = "com.apple.product-type.bundle.ui-testing";
		};
/* End PBXNativeTarget section */

/* Begin PBXProject section */
		420CDBFF24C1DF6200967EB3 /* Project object */ = {
			isa = PBXProject;
			attributes = {
				LastSwiftUpdateCheck = 1130;
				LastUpgradeCheck = 1130;
				ORGANIZATIONNAME = "Rafael Almeida";
				TargetAttributes = {
					420CDC0624C1DF6200967EB3 = {
						CreatedOnToolsVersion = 11.3.1;
					};
					420CDC1C24C1DF7500967EB3 = {
						CreatedOnToolsVersion = 11.3.1;
						TestTargetID = 420CDC0624C1DF6200967EB3;
					};
					420CDC2724C1DF7500967EB3 = {
						CreatedOnToolsVersion = 11.3.1;
						TestTargetID = 420CDC0624C1DF6200967EB3;
					};
				};
			};
			buildConfigurationList = 420CDC0224C1DF6200967EB3 /* Build configuration list for PBXProject "BeagleSample" */;
			compatibilityVersion = "Xcode 9.3";
			developmentRegion = en;
			hasScannedForEncodings = 0;
			knownRegions = (
				en,
				Base,
			);
			mainGroup = 420CDBFE24C1DF6200967EB3;
			productRefGroup = 420CDC0824C1DF6200967EB3 /* Products */;
			projectDirPath = "";
			projectRoot = "";
			targets = (
				420CDC0624C1DF6200967EB3 /* BeagleSample */,
				420CDC1C24C1DF7500967EB3 /* BeagleSampleTests */,
				420CDC2724C1DF7500967EB3 /* BeagleSampleUITests */,
			);
		};
/* End PBXProject section */

/* Begin PBXResourcesBuildPhase section */
		420CDC0524C1DF6200967EB3 /* Resources */ = {
			isa = PBXResourcesBuildPhase;
			buildActionMask = 2147483647;
			files = (
				420CDC1724C1DF7000967EB3 /* LaunchScreen.storyboard in Resources */,
				420CDC1424C1DF7000967EB3 /* Assets.xcassets in Resources */,
			);
			runOnlyForDeploymentPostprocessing = 0;
		};
		420CDC1B24C1DF7500967EB3 /* Resources */ = {
			isa = PBXResourcesBuildPhase;
			buildActionMask = 2147483647;
			files = (
			);
			runOnlyForDeploymentPostprocessing = 0;
		};
		420CDC2624C1DF7500967EB3 /* Resources */ = {
			isa = PBXResourcesBuildPhase;
			buildActionMask = 2147483647;
			files = (
			);
			runOnlyForDeploymentPostprocessing = 0;
		};
/* End PBXResourcesBuildPhase section */

/* Begin PBXShellScriptBuildPhase section */
		103D329D70B6CA07A99CA311 /* [CP] Embed Pods Frameworks */ = {
			isa = PBXShellScriptBuildPhase;
			buildActionMask = 2147483647;
			files = (
			);
			inputFileListPaths = (
				"${PODS_ROOT}/Target Support Files/Pods-BeagleSample-BeagleSampleUITests/Pods-BeagleSample-BeagleSampleUITests-frameworks-${CONFIGURATION}-input-files.xcfilelist",
			);
			name = "[CP] Embed Pods Frameworks";
			outputFileListPaths = (
				"${PODS_ROOT}/Target Support Files/Pods-BeagleSample-BeagleSampleUITests/Pods-BeagleSample-BeagleSampleUITests-frameworks-${CONFIGURATION}-output-files.xcfilelist",
			);
			runOnlyForDeploymentPostprocessing = 0;
			shellPath = /bin/sh;
			shellScript = "\"${PODS_ROOT}/Target Support Files/Pods-BeagleSample-BeagleSampleUITests/Pods-BeagleSample-BeagleSampleUITests-frameworks.sh\"\n";
			showEnvVarsInLog = 0;
		};
		5533190C7AD3B0A701A571B5 /* [CP] Check Pods Manifest.lock */ = {
			isa = PBXShellScriptBuildPhase;
			buildActionMask = 2147483647;
			files = (
			);
			inputFileListPaths = (
			);
			inputPaths = (
				"${PODS_PODFILE_DIR_PATH}/Podfile.lock",
				"${PODS_ROOT}/Manifest.lock",
			);
			name = "[CP] Check Pods Manifest.lock";
			outputFileListPaths = (
			);
			outputPaths = (
				"$(DERIVED_FILE_DIR)/Pods-BeagleSampleTests-checkManifestLockResult.txt",
			);
			runOnlyForDeploymentPostprocessing = 0;
			shellPath = /bin/sh;
			shellScript = "diff \"${PODS_PODFILE_DIR_PATH}/Podfile.lock\" \"${PODS_ROOT}/Manifest.lock\" > /dev/null\nif [ $? != 0 ] ; then\n    # print error to STDERR\n    echo \"error: The sandbox is not in sync with the Podfile.lock. Run 'pod install' or update your CocoaPods installation.\" >&2\n    exit 1\nfi\n# This output is used by Xcode 'outputs' to avoid re-running this script phase.\necho \"SUCCESS\" > \"${SCRIPT_OUTPUT_FILE_0}\"\n";
			showEnvVarsInLog = 0;
		};
		6FDE0347873E2C3A89ACF7E3 /* [CP] Embed Pods Frameworks */ = {
			isa = PBXShellScriptBuildPhase;
			buildActionMask = 2147483647;
			files = (
			);
			inputFileListPaths = (
				"${PODS_ROOT}/Target Support Files/Pods-BeagleSample/Pods-BeagleSample-frameworks-${CONFIGURATION}-input-files.xcfilelist",
			);
			name = "[CP] Embed Pods Frameworks";
			outputFileListPaths = (
				"${PODS_ROOT}/Target Support Files/Pods-BeagleSample/Pods-BeagleSample-frameworks-${CONFIGURATION}-output-files.xcfilelist",
			);
			runOnlyForDeploymentPostprocessing = 0;
			shellPath = /bin/sh;
			shellScript = "\"${PODS_ROOT}/Target Support Files/Pods-BeagleSample/Pods-BeagleSample-frameworks.sh\"\n";
			showEnvVarsInLog = 0;
		};
		F335ED6DA957C6EACCB23013 /* [CP] Check Pods Manifest.lock */ = {
			isa = PBXShellScriptBuildPhase;
			buildActionMask = 2147483647;
			files = (
			);
			inputFileListPaths = (
			);
			inputPaths = (
				"${PODS_PODFILE_DIR_PATH}/Podfile.lock",
				"${PODS_ROOT}/Manifest.lock",
			);
			name = "[CP] Check Pods Manifest.lock";
			outputFileListPaths = (
			);
			outputPaths = (
				"$(DERIVED_FILE_DIR)/Pods-BeagleSample-BeagleSampleUITests-checkManifestLockResult.txt",
			);
			runOnlyForDeploymentPostprocessing = 0;
			shellPath = /bin/sh;
			shellScript = "diff \"${PODS_PODFILE_DIR_PATH}/Podfile.lock\" \"${PODS_ROOT}/Manifest.lock\" > /dev/null\nif [ $? != 0 ] ; then\n    # print error to STDERR\n    echo \"error: The sandbox is not in sync with the Podfile.lock. Run 'pod install' or update your CocoaPods installation.\" >&2\n    exit 1\nfi\n# This output is used by Xcode 'outputs' to avoid re-running this script phase.\necho \"SUCCESS\" > \"${SCRIPT_OUTPUT_FILE_0}\"\n";
			showEnvVarsInLog = 0;
		};
		F78B62EB43E56354328BAE3F /* [CP] Check Pods Manifest.lock */ = {
			isa = PBXShellScriptBuildPhase;
			buildActionMask = 2147483647;
			files = (
			);
			inputFileListPaths = (
			);
			inputPaths = (
				"${PODS_PODFILE_DIR_PATH}/Podfile.lock",
				"${PODS_ROOT}/Manifest.lock",
			);
			name = "[CP] Check Pods Manifest.lock";
			outputFileListPaths = (
			);
			outputPaths = (
				"$(DERIVED_FILE_DIR)/Pods-BeagleSample-checkManifestLockResult.txt",
			);
			runOnlyForDeploymentPostprocessing = 0;
			shellPath = /bin/sh;
			shellScript = "diff \"${PODS_PODFILE_DIR_PATH}/Podfile.lock\" \"${PODS_ROOT}/Manifest.lock\" > /dev/null\nif [ $? != 0 ] ; then\n    # print error to STDERR\n    echo \"error: The sandbox is not in sync with the Podfile.lock. Run 'pod install' or update your CocoaPods installation.\" >&2\n    exit 1\nfi\n# This output is used by Xcode 'outputs' to avoid re-running this script phase.\necho \"SUCCESS\" > \"${SCRIPT_OUTPUT_FILE_0}\"\n";
			showEnvVarsInLog = 0;
		};
/* End PBXShellScriptBuildPhase section */

/* Begin PBXSourcesBuildPhase section */
		420CDC0324C1DF6200967EB3 /* Sources */ = {
			isa = PBXSourcesBuildPhase;
			buildActionMask = 2147483647;
			files = (
				420CDC3B24C1DFD700967EB3 /* BeagleScreen.swift in Sources */,
				420CDC5024C62D7700967EB3 /* BeagleConfig.swift in Sources */,
				420CDC4E24C62AC100967EB3 /* Styles.swift in Sources */,
				420CDC0B24C1DF6200967EB3 /* AppDelegate.swift in Sources */,
				420CDC0D24C1DF6200967EB3 /* SceneDelegate.swift in Sources */,
			);
			runOnlyForDeploymentPostprocessing = 0;
		};
		420CDC1924C1DF7500967EB3 /* Sources */ = {
			isa = PBXSourcesBuildPhase;
			buildActionMask = 2147483647;
			files = (
				420CDC2224C1DF7500967EB3 /* BeagleSampleTests.swift in Sources */,
			);
			runOnlyForDeploymentPostprocessing = 0;
		};
		420CDC2424C1DF7500967EB3 /* Sources */ = {
			isa = PBXSourcesBuildPhase;
			buildActionMask = 2147483647;
			files = (
				420CDC2D24C1DF7500967EB3 /* BeagleSampleUITests.swift in Sources */,
			);
			runOnlyForDeploymentPostprocessing = 0;
		};
/* End PBXSourcesBuildPhase section */

/* Begin PBXTargetDependency section */
		420CDC1F24C1DF7500967EB3 /* PBXTargetDependency */ = {
			isa = PBXTargetDependency;
			target = 420CDC0624C1DF6200967EB3 /* BeagleSample */;
			targetProxy = 420CDC1E24C1DF7500967EB3 /* PBXContainerItemProxy */;
		};
		420CDC2A24C1DF7500967EB3 /* PBXTargetDependency */ = {
			isa = PBXTargetDependency;
			target = 420CDC0624C1DF6200967EB3 /* BeagleSample */;
			targetProxy = 420CDC2924C1DF7500967EB3 /* PBXContainerItemProxy */;
		};
/* End PBXTargetDependency section */

/* Begin PBXVariantGroup section */
		420CDC1524C1DF7000967EB3 /* LaunchScreen.storyboard */ = {
			isa = PBXVariantGroup;
			children = (
				420CDC1624C1DF7000967EB3 /* Base */,
			);
			name = LaunchScreen.storyboard;
			sourceTree = "<group>";
		};
/* End PBXVariantGroup section */

/* Begin XCBuildConfiguration section */
		420CDC2F24C1DF7500967EB3 /* Debug */ = {
			isa = XCBuildConfiguration;
			buildSettings = {
				ALWAYS_SEARCH_USER_PATHS = NO;
				CLANG_ANALYZER_NONNULL = YES;
				CLANG_ANALYZER_NUMBER_OBJECT_CONVERSION = YES_AGGRESSIVE;
				CLANG_CXX_LANGUAGE_STANDARD = "gnu++14";
				CLANG_CXX_LIBRARY = "libc++";
				CLANG_ENABLE_MODULES = YES;
				CLANG_ENABLE_OBJC_ARC = YES;
				CLANG_ENABLE_OBJC_WEAK = YES;
				CLANG_WARN_BLOCK_CAPTURE_AUTORELEASING = YES;
				CLANG_WARN_BOOL_CONVERSION = YES;
				CLANG_WARN_COMMA = YES;
				CLANG_WARN_CONSTANT_CONVERSION = YES;
				CLANG_WARN_DEPRECATED_OBJC_IMPLEMENTATIONS = YES;
				CLANG_WARN_DIRECT_OBJC_ISA_USAGE = YES_ERROR;
				CLANG_WARN_DOCUMENTATION_COMMENTS = YES;
				CLANG_WARN_EMPTY_BODY = YES;
				CLANG_WARN_ENUM_CONVERSION = YES;
				CLANG_WARN_INFINITE_RECURSION = YES;
				CLANG_WARN_INT_CONVERSION = YES;
				CLANG_WARN_NON_LITERAL_NULL_CONVERSION = YES;
				CLANG_WARN_OBJC_IMPLICIT_RETAIN_SELF = YES;
				CLANG_WARN_OBJC_LITERAL_CONVERSION = YES;
				CLANG_WARN_OBJC_ROOT_CLASS = YES_ERROR;
				CLANG_WARN_RANGE_LOOP_ANALYSIS = YES;
				CLANG_WARN_STRICT_PROTOTYPES = YES;
				CLANG_WARN_SUSPICIOUS_MOVE = YES;
				CLANG_WARN_UNGUARDED_AVAILABILITY = YES_AGGRESSIVE;
				CLANG_WARN_UNREACHABLE_CODE = YES;
				CLANG_WARN__DUPLICATE_METHOD_MATCH = YES;
				COPY_PHASE_STRIP = NO;
				DEBUG_INFORMATION_FORMAT = dwarf;
				ENABLE_STRICT_OBJC_MSGSEND = YES;
				ENABLE_TESTABILITY = YES;
				GCC_C_LANGUAGE_STANDARD = gnu11;
				GCC_DYNAMIC_NO_PIC = NO;
				GCC_NO_COMMON_BLOCKS = YES;
				GCC_OPTIMIZATION_LEVEL = 0;
				GCC_PREPROCESSOR_DEFINITIONS = (
					"DEBUG=1",
					"$(inherited)",
				);
				GCC_WARN_64_TO_32_BIT_CONVERSION = YES;
				GCC_WARN_ABOUT_RETURN_TYPE = YES_ERROR;
				GCC_WARN_UNDECLARED_SELECTOR = YES;
				GCC_WARN_UNINITIALIZED_AUTOS = YES_AGGRESSIVE;
				GCC_WARN_UNUSED_FUNCTION = YES;
				GCC_WARN_UNUSED_VARIABLE = YES;
				IPHONEOS_DEPLOYMENT_TARGET = 13.2;
				MTL_ENABLE_DEBUG_INFO = INCLUDE_SOURCE;
				MTL_FAST_MATH = YES;
				ONLY_ACTIVE_ARCH = YES;
				SDKROOT = iphoneos;
				SWIFT_ACTIVE_COMPILATION_CONDITIONS = DEBUG;
				SWIFT_OPTIMIZATION_LEVEL = "-Onone";
			};
			name = Debug;
		};
		420CDC3024C1DF7500967EB3 /* Release */ = {
			isa = XCBuildConfiguration;
			buildSettings = {
				ALWAYS_SEARCH_USER_PATHS = NO;
				CLANG_ANALYZER_NONNULL = YES;
				CLANG_ANALYZER_NUMBER_OBJECT_CONVERSION = YES_AGGRESSIVE;
				CLANG_CXX_LANGUAGE_STANDARD = "gnu++14";
				CLANG_CXX_LIBRARY = "libc++";
				CLANG_ENABLE_MODULES = YES;
				CLANG_ENABLE_OBJC_ARC = YES;
				CLANG_ENABLE_OBJC_WEAK = YES;
				CLANG_WARN_BLOCK_CAPTURE_AUTORELEASING = YES;
				CLANG_WARN_BOOL_CONVERSION = YES;
				CLANG_WARN_COMMA = YES;
				CLANG_WARN_CONSTANT_CONVERSION = YES;
				CLANG_WARN_DEPRECATED_OBJC_IMPLEMENTATIONS = YES;
				CLANG_WARN_DIRECT_OBJC_ISA_USAGE = YES_ERROR;
				CLANG_WARN_DOCUMENTATION_COMMENTS = YES;
				CLANG_WARN_EMPTY_BODY = YES;
				CLANG_WARN_ENUM_CONVERSION = YES;
				CLANG_WARN_INFINITE_RECURSION = YES;
				CLANG_WARN_INT_CONVERSION = YES;
				CLANG_WARN_NON_LITERAL_NULL_CONVERSION = YES;
				CLANG_WARN_OBJC_IMPLICIT_RETAIN_SELF = YES;
				CLANG_WARN_OBJC_LITERAL_CONVERSION = YES;
				CLANG_WARN_OBJC_ROOT_CLASS = YES_ERROR;
				CLANG_WARN_RANGE_LOOP_ANALYSIS = YES;
				CLANG_WARN_STRICT_PROTOTYPES = YES;
				CLANG_WARN_SUSPICIOUS_MOVE = YES;
				CLANG_WARN_UNGUARDED_AVAILABILITY = YES_AGGRESSIVE;
				CLANG_WARN_UNREACHABLE_CODE = YES;
				CLANG_WARN__DUPLICATE_METHOD_MATCH = YES;
				COPY_PHASE_STRIP = NO;
				DEBUG_INFORMATION_FORMAT = "dwarf-with-dsym";
				ENABLE_NS_ASSERTIONS = NO;
				ENABLE_STRICT_OBJC_MSGSEND = YES;
				GCC_C_LANGUAGE_STANDARD = gnu11;
				GCC_NO_COMMON_BLOCKS = YES;
				GCC_WARN_64_TO_32_BIT_CONVERSION = YES;
				GCC_WARN_ABOUT_RETURN_TYPE = YES_ERROR;
				GCC_WARN_UNDECLARED_SELECTOR = YES;
				GCC_WARN_UNINITIALIZED_AUTOS = YES_AGGRESSIVE;
				GCC_WARN_UNUSED_FUNCTION = YES;
				GCC_WARN_UNUSED_VARIABLE = YES;
				IPHONEOS_DEPLOYMENT_TARGET = 13.2;
				MTL_ENABLE_DEBUG_INFO = NO;
				MTL_FAST_MATH = YES;
				SDKROOT = iphoneos;
				SWIFT_COMPILATION_MODE = wholemodule;
				SWIFT_OPTIMIZATION_LEVEL = "-O";
				VALIDATE_PRODUCT = YES;
			};
			name = Release;
		};
		420CDC3224C1DF7500967EB3 /* Debug */ = {
			isa = XCBuildConfiguration;
			baseConfigurationReference = ED0221CA70DC5D4B77209ADD /* Pods-BeagleSample.debug.xcconfig */;
			buildSettings = {
				ASSETCATALOG_COMPILER_APPICON_NAME = AppIcon;
				CODE_SIGN_STYLE = Automatic;
				INFOPLIST_FILE = BeagleSample/Info.plist;
				LD_RUNPATH_SEARCH_PATHS = (
					"$(inherited)",
					"@executable_path/Frameworks",
				);
				PRODUCT_BUNDLE_IDENTIFIER = rafael.BeagleSample;
				PRODUCT_NAME = "$(TARGET_NAME)";
				SWIFT_VERSION = 5.0;
				TARGETED_DEVICE_FAMILY = "1,2";
			};
			name = Debug;
		};
		420CDC3324C1DF7500967EB3 /* Release */ = {
			isa = XCBuildConfiguration;
			baseConfigurationReference = 8EA6EEF0BB7369019457391D /* Pods-BeagleSample.release.xcconfig */;
			buildSettings = {
				ASSETCATALOG_COMPILER_APPICON_NAME = AppIcon;
				CODE_SIGN_STYLE = Automatic;
				INFOPLIST_FILE = BeagleSample/Info.plist;
				LD_RUNPATH_SEARCH_PATHS = (
					"$(inherited)",
					"@executable_path/Frameworks",
				);
				PRODUCT_BUNDLE_IDENTIFIER = rafael.BeagleSample;
				PRODUCT_NAME = "$(TARGET_NAME)";
				SWIFT_VERSION = 5.0;
				TARGETED_DEVICE_FAMILY = "1,2";
			};
			name = Release;
		};
		420CDC3524C1DF7500967EB3 /* Debug */ = {
			isa = XCBuildConfiguration;
			baseConfigurationReference = 837D5C942CCBAF322CFD1DD1 /* Pods-BeagleSampleTests.debug.xcconfig */;
			buildSettings = {
				ALWAYS_EMBED_SWIFT_STANDARD_LIBRARIES = YES;
				BUNDLE_LOADER = "$(TEST_HOST)";
				CODE_SIGN_STYLE = Automatic;
				INFOPLIST_FILE = BeagleSampleTests/Info.plist;
				IPHONEOS_DEPLOYMENT_TARGET = 13.2;
				LD_RUNPATH_SEARCH_PATHS = (
					"$(inherited)",
					"@executable_path/Frameworks",
					"@loader_path/Frameworks",
				);
				PRODUCT_BUNDLE_IDENTIFIER = rafael.BeagleSampleTests;
				PRODUCT_NAME = "$(TARGET_NAME)";
				SWIFT_VERSION = 5.0;
				TARGETED_DEVICE_FAMILY = "1,2";
				TEST_HOST = "$(BUILT_PRODUCTS_DIR)/BeagleSample.app/BeagleSample";
			};
			name = Debug;
		};
		420CDC3624C1DF7500967EB3 /* Release */ = {
			isa = XCBuildConfiguration;
			baseConfigurationReference = 979C6F836F41F4DB001C10E2 /* Pods-BeagleSampleTests.release.xcconfig */;
			buildSettings = {
				ALWAYS_EMBED_SWIFT_STANDARD_LIBRARIES = YES;
				BUNDLE_LOADER = "$(TEST_HOST)";
				CODE_SIGN_STYLE = Automatic;
				INFOPLIST_FILE = BeagleSampleTests/Info.plist;
				IPHONEOS_DEPLOYMENT_TARGET = 13.2;
				LD_RUNPATH_SEARCH_PATHS = (
					"$(inherited)",
					"@executable_path/Frameworks",
					"@loader_path/Frameworks",
				);
				PRODUCT_BUNDLE_IDENTIFIER = rafael.BeagleSampleTests;
				PRODUCT_NAME = "$(TARGET_NAME)";
				SWIFT_VERSION = 5.0;
				TARGETED_DEVICE_FAMILY = "1,2";
				TEST_HOST = "$(BUILT_PRODUCTS_DIR)/BeagleSample.app/BeagleSample";
			};
			name = Release;
		};
		420CDC3824C1DF7500967EB3 /* Debug */ = {
			isa = XCBuildConfiguration;
			baseConfigurationReference = 6BC561FB6448B80AFBD653BA /* Pods-BeagleSample-BeagleSampleUITests.debug.xcconfig */;
			buildSettings = {
				ALWAYS_EMBED_SWIFT_STANDARD_LIBRARIES = YES;
				CODE_SIGN_STYLE = Automatic;
				INFOPLIST_FILE = BeagleSampleUITests/Info.plist;
				LD_RUNPATH_SEARCH_PATHS = (
					"$(inherited)",
					"@executable_path/Frameworks",
					"@loader_path/Frameworks",
				);
				PRODUCT_BUNDLE_IDENTIFIER = rafael.BeagleSampleUITests;
				PRODUCT_NAME = "$(TARGET_NAME)";
				SWIFT_VERSION = 5.0;
				TARGETED_DEVICE_FAMILY = "1,2";
				TEST_TARGET_NAME = BeagleSample;
			};
			name = Debug;
		};
		420CDC3924C1DF7500967EB3 /* Release */ = {
			isa = XCBuildConfiguration;
			baseConfigurationReference = 8680917E4331E0D267B6C295 /* Pods-BeagleSample-BeagleSampleUITests.release.xcconfig */;
			buildSettings = {
				ALWAYS_EMBED_SWIFT_STANDARD_LIBRARIES = YES;
				CODE_SIGN_STYLE = Automatic;
				INFOPLIST_FILE = BeagleSampleUITests/Info.plist;
				LD_RUNPATH_SEARCH_PATHS = (
					"$(inherited)",
					"@executable_path/Frameworks",
					"@loader_path/Frameworks",
				);
				PRODUCT_BUNDLE_IDENTIFIER = rafael.BeagleSampleUITests;
				PRODUCT_NAME = "$(TARGET_NAME)";
				SWIFT_VERSION = 5.0;
				TARGETED_DEVICE_FAMILY = "1,2";
				TEST_TARGET_NAME = BeagleSample;
			};
			name = Release;
		};
/* End XCBuildConfiguration section */

/* Begin XCConfigurationList section */
		420CDC0224C1DF6200967EB3 /* Build configuration list for PBXProject "BeagleSample" */ = {
			isa = XCConfigurationList;
			buildConfigurations = (
				420CDC2F24C1DF7500967EB3 /* Debug */,
				420CDC3024C1DF7500967EB3 /* Release */,
			);
			defaultConfigurationIsVisible = 0;
			defaultConfigurationName = Release;
		};
		420CDC3124C1DF7500967EB3 /* Build configuration list for PBXNativeTarget "BeagleSample" */ = {
			isa = XCConfigurationList;
			buildConfigurations = (
				420CDC3224C1DF7500967EB3 /* Debug */,
				420CDC3324C1DF7500967EB3 /* Release */,
			);
			defaultConfigurationIsVisible = 0;
			defaultConfigurationName = Release;
		};
		420CDC3424C1DF7500967EB3 /* Build configuration list for PBXNativeTarget "BeagleSampleTests" */ = {
			isa = XCConfigurationList;
			buildConfigurations = (
				420CDC3524C1DF7500967EB3 /* Debug */,
				420CDC3624C1DF7500967EB3 /* Release */,
			);
			defaultConfigurationIsVisible = 0;
			defaultConfigurationName = Release;
		};
		420CDC3724C1DF7500967EB3 /* Build configuration list for PBXNativeTarget "BeagleSampleUITests" */ = {
			isa = XCConfigurationList;
			buildConfigurations = (
				420CDC3824C1DF7500967EB3 /* Debug */,
				420CDC3924C1DF7500967EB3 /* Release */,
			);
			defaultConfigurationIsVisible = 0;
			defaultConfigurationName = Release;
		};
/* End XCConfigurationList section */
	};
	rootObject = 420CDBFF24C1DF6200967EB3 /* Project object */;
}
